
Microsoft Visual Studio Solution File, Format Version 12.00
# Visual Studio Version 17
VisualStudioVersion = 17.4.33110.190
MinimumVisualStudioVersion = 10.0.40219.1
Project("{FAE04EC0-301F-11D3-BF4B-00C04F79EFBC}") = "Handi-Crafti API Backend", "Handi-Crafti API Backend\Handi-Crafti API Backend.csproj", "{2C94C916-3200-47D5-8FF8-226BA64441F0}"
EndProject
Project("{2150E333-8FDC-42A3-9474-1A3956D46DE8}") = "Solution Items", "Solution Items", "{97649D62-85EA-4CF7-B91F-7EEA5B0B7CB9}"
	ProjectSection(SolutionItems) = preProject
		.editorconfig = .editorconfig
	EndProjectSection
EndProject
Global
	GlobalSection(SolutionConfigurationPlatforms) = preSolution
		Debug|Any CPU = Debug|Any CPU
		Release|Any CPU = Release|Any CPU
	EndGlobalSection
	GlobalSection(ProjectConfigurationPlatforms) = postSolution
		{2C94C916-3200-47D5-8FF8-226BA64441F0}.Debug|Any CPU.ActiveCfg = Debug|Any CPU
		{2C94C916-3200-47D5-8FF8-226BA64441F0}.Debug|Any CPU.Build.0 = Debug|Any CPU
		{2C94C916-3200-47D5-8FF8-226BA64441F0}.Release|Any CPU.ActiveCfg = Release|Any CPU
		{2C94C916-3200-47D5-8FF8-226BA64441F0}.Release|Any CPU.Build.0 = Release|Any CPU
	EndGlobalSection
	GlobalSection(SolutionProperties) = preSolution
		HideSolutionNode = FALSE
	EndGlobalSection
	GlobalSection(ExtensibilityGlobals) = postSolution
		SolutionGuid = {3A85C347-98CE-4196-ADC5-1E8730C9EDE4}
	EndGlobalSection
EndGlobal
